
Microsoft Visual Studio Solution File, Format Version 12.00
# Visual Studio Version 17
VisualStudioVersion = 17.14.36301.6 d17.14
MinimumVisualStudioVersion = 10.0.40219.1
Project("{FAE04EC0-301F-11D3-BF4B-00C04F79EFBC}") = "WebWorker", "WebWorker\WebWorker.csproj", "{BF113ED1-62A6-4378-8B34-8C8AB82DADE2}"
EndProject
Global
	GlobalSection(SolutionConfigurationPlatforms) = preSolution
		Debug|Any CPU = Debug|Any CPU
		Release|Any CPU = Release|Any CPU
	EndGlobalSection
	GlobalSection(ProjectConfigurationPlatforms) = postSolution
		{BF113ED1-62A6-4378-8B34-8C8AB82DADE2}.Debug|Any CPU.ActiveCfg = Debug|Any CPU
		{BF113ED1-62A6-4378-8B34-8C8AB82DADE2}.Debug|Any CPU.Build.0 = Debug|Any CPU
		{BF113ED1-62A6-4378-8B34-8C8AB82DADE2}.Release|Any CPU.ActiveCfg = Release|Any CPU
		{BF113ED1-62A6-4378-8B34-8C8AB82DADE2}.Release|Any CPU.Build.0 = Release|Any CPU
	EndGlobalSection
	GlobalSection(SolutionProperties) = preSolution
		HideSolutionNode = FALSE
	EndGlobalSection
	GlobalSection(ExtensibilityGlobals) = postSolution
		SolutionGuid = {75908692-79D7-4BD4-87E5-AEF2535F2949}
	EndGlobalSection
EndGlobal
